{
  "name": "scvd-reader-v2-unavailable-key-2-532IbH",
  "lockfileVersion": 3,
  "requires": true,
  "packages": {
    "": {
      "dependencies": {
        "x402-verify": "file:x402-verify-1.4.0.tgz"
      }
    },
    "node_modules/x402-verify": {
      "version": "1.4.0",
      "resolved": "file:x402-verify-1.4.0.tgz",
      "integrity": "sha512-ficlBtDMBBUe1zHqDUZ4I4GAql1HHUgOAaUU2gWKKBUmiqsNWllGRy99tAEJSV8h2ejKi5/Dmk0ZWbYa9OTp/A==",
      "license": "MIT",
      "bin": {
        "scvd-evidence": "evidence-cli.mjs"
      },
      "engines": {
        "node": ">=18.17.0"
      }
    }
  }
}
